
Microsoft Visual Studio Solution File, Format Version 12.00
# Visual Studio Version 16
VisualStudioVersion = 16.0.30611.23
MinimumVisualStudioVersion = 10.0.40219.1
Project("{FAE04EC0-301F-11D3-BF4B-00C04F79EFBC}") = "WpfAppWithModules", "WpfAppWithModules\WpfAppWithModules.csproj", "{9D36DCFC-258E-4649-9DB2-B4B2BA37725E}"
EndProject
Project("{2150E333-8FDC-42A3-9474-1A3956D46DE8}") = "Modules", "Modules", "{E194490B-E04B-4F71-AADC-D525D0D1AD06}"
EndProject
Project("{FAE04EC0-301F-11D3-BF4B-00C04F79EFBC}") = "WpfAppWithModules.Modules.Usuario", "Modules\WpfAppWithModules.Modules.Usuario\WpfAppWithModules.Modules.Usuario.csproj", "{3D42DF19-292F-445B-9B2A-C38F39BF68C6}"
EndProject
Project("{FAE04EC0-301F-11D3-BF4B-00C04F79EFBC}") = "WpfAppWithModules.Core", "WpfAppWithModules.Core\WpfAppWithModules.Core.csproj", "{9B6F1C94-6157-4B1B-B33D-B94227F538ED}"
EndProject
Project("{FAE04EC0-301F-11D3-BF4B-00C04F79EFBC}") = "WpfAppWithModules.Modules.Donacion", "Modules\WpfAppWithModules.Modules.Donacion\WpfAppWithModules.Modules.Donacion.csproj", "{9DE8658C-672F-4271-BE43-07F4B8CBA449}"
EndProject
Project("{2150E333-8FDC-42A3-9474-1A3956D46DE8}") = "Tests", "Tests", "{33F92C58-8354-434A-AC3E-D7A8FF1AAC85}"
EndProject
Project("{9A19103F-16F7-4668-BE54-9A1E7A4F7556}") = "WpfAppWithModules.Modules.Testing", "Tests\WpfAppWithModules.Modules.Testing\WpfAppWithModules.Modules.Testing.csproj", "{E6A9C7DB-8B6C-4515-AE00-C2D381FB76AA}"
EndProject
Project("{FAE04EC0-301F-11D3-BF4B-00C04F79EFBC}") = "WpfAppWithModules.Business", "WpfAppWithModules.Business\WpfAppWithModules.Business.csproj", "{F2EA3EF8-34A5-439B-B96E-33B74460BAD2}"
EndProject
Project("{2150E333-8FDC-42A3-9474-1A3956D46DE8}") = "Solution Items", "Solution Items", "{DD713DA8-A3F4-4197-9337-8B6E2A34868A}"
	ProjectSection(SolutionItems) = preProject
		README.md = README.md
	EndProjectSection
EndProject
Project("{FAE04EC0-301F-11D3-BF4B-00C04F79EFBC}") = "WpfAppWithModules.Services", "WpfAppWithModules.Services\WpfAppWithModules.Services.csproj", "{B86C186D-0854-471E-A8CB-C2002D27D16F}"
EndProject
Project("{FAE04EC0-301F-11D3-BF4B-00C04F79EFBC}") = "WpfAppWithModules.Services.Interfaces", "WpfAppWithModules.Services.Interfaces\WpfAppWithModules.Services.Interfaces.csproj", "{5A86532E-AEFE-47A0-852D-257122F35F92}"
EndProject
Global
	GlobalSection(SolutionConfigurationPlatforms) = preSolution
		Debug|Any CPU = Debug|Any CPU
		Release|Any CPU = Release|Any CPU
	EndGlobalSection
	GlobalSection(ProjectConfigurationPlatforms) = postSolution
		{9D36DCFC-258E-4649-9DB2-B4B2BA37725E}.Debug|Any CPU.ActiveCfg = Debug|Any CPU
		{9D36DCFC-258E-4649-9DB2-B4B2BA37725E}.Debug|Any CPU.Build.0 = Debug|Any CPU
		{9D36DCFC-258E-4649-9DB2-B4B2BA37725E}.Release|Any CPU.ActiveCfg = Release|Any CPU
		{9D36DCFC-258E-4649-9DB2-B4B2BA37725E}.Release|Any CPU.Build.0 = Release|Any CPU
		{3D42DF19-292F-445B-9B2A-C38F39BF68C6}.Debug|Any CPU.ActiveCfg = Debug|Any CPU
		{3D42DF19-292F-445B-9B2A-C38F39BF68C6}.Debug|Any CPU.Build.0 = Debug|Any CPU
		{3D42DF19-292F-445B-9B2A-C38F39BF68C6}.Release|Any CPU.ActiveCfg = Release|Any CPU
		{3D42DF19-292F-445B-9B2A-C38F39BF68C6}.Release|Any CPU.Build.0 = Release|Any CPU
		{9B6F1C94-6157-4B1B-B33D-B94227F538ED}.Debug|Any CPU.ActiveCfg = Debug|Any CPU
		{9B6F1C94-6157-4B1B-B33D-B94227F538ED}.Debug|Any CPU.Build.0 = Debug|Any CPU
		{9B6F1C94-6157-4B1B-B33D-B94227F538ED}.Release|Any CPU.ActiveCfg = Release|Any CPU
		{9B6F1C94-6157-4B1B-B33D-B94227F538ED}.Release|Any CPU.Build.0 = Release|Any CPU
		{9DE8658C-672F-4271-BE43-07F4B8CBA449}.Debug|Any CPU.ActiveCfg = Debug|Any CPU
		{9DE8658C-672F-4271-BE43-07F4B8CBA449}.Debug|Any CPU.Build.0 = Debug|Any CPU
		{9DE8658C-672F-4271-BE43-07F4B8CBA449}.Release|Any CPU.ActiveCfg = Release|Any CPU
		{9DE8658C-672F-4271-BE43-07F4B8CBA449}.Release|Any CPU.Build.0 = Release|Any CPU
		{E6A9C7DB-8B6C-4515-AE00-C2D381FB76AA}.Debug|Any CPU.ActiveCfg = Debug|Any CPU
		{E6A9C7DB-8B6C-4515-AE00-C2D381FB76AA}.Debug|Any CPU.Build.0 = Debug|Any CPU
		{E6A9C7DB-8B6C-4515-AE00-C2D381FB76AA}.Release|Any CPU.ActiveCfg = Release|Any CPU
		{E6A9C7DB-8B6C-4515-AE00-C2D381FB76AA}.Release|Any CPU.Build.0 = Release|Any CPU
		{F2EA3EF8-34A5-439B-B96E-33B74460BAD2}.Debug|Any CPU.ActiveCfg = Debug|Any CPU
		{F2EA3EF8-34A5-439B-B96E-33B74460BAD2}.Debug|Any CPU.Build.0 = Debug|Any CPU
		{F2EA3EF8-34A5-439B-B96E-33B74460BAD2}.Release|Any CPU.ActiveCfg = Release|Any CPU
		{F2EA3EF8-34A5-439B-B96E-33B74460BAD2}.Release|Any CPU.Build.0 = Release|Any CPU
		{B86C186D-0854-471E-A8CB-C2002D27D16F}.Debug|Any CPU.ActiveCfg = Debug|Any CPU
		{B86C186D-0854-471E-A8CB-C2002D27D16F}.Debug|Any CPU.Build.0 = Debug|Any CPU
		{B86C186D-0854-471E-A8CB-C2002D27D16F}.Release|Any CPU.ActiveCfg = Release|Any CPU
		{B86C186D-0854-471E-A8CB-C2002D27D16F}.Release|Any CPU.Build.0 = Release|Any CPU
		{5A86532E-AEFE-47A0-852D-257122F35F92}.Debug|Any CPU.ActiveCfg = Debug|Any CPU
		{5A86532E-AEFE-47A0-852D-257122F35F92}.Debug|Any CPU.Build.0 = Debug|Any CPU
		{5A86532E-AEFE-47A0-852D-257122F35F92}.Release|Any CPU.ActiveCfg = Release|Any CPU
		{5A86532E-AEFE-47A0-852D-257122F35F92}.Release|Any CPU.Build.0 = Release|Any CPU
	EndGlobalSection
	GlobalSection(SolutionProperties) = preSolution
		HideSolutionNode = FALSE
	EndGlobalSection
	GlobalSection(NestedProjects) = preSolution
		{3D42DF19-292F-445B-9B2A-C38F39BF68C6} = {E194490B-E04B-4F71-AADC-D525D0D1AD06}
		{9DE8658C-672F-4271-BE43-07F4B8CBA449} = {E194490B-E04B-4F71-AADC-D525D0D1AD06}
		{E6A9C7DB-8B6C-4515-AE00-C2D381FB76AA} = {33F92C58-8354-434A-AC3E-D7A8FF1AAC85}
	EndGlobalSection
	GlobalSection(ExtensibilityGlobals) = postSolution
		SolutionGuid = {521AA9BC-0485-48B1-8358-999EB90EC77E}
	EndGlobalSection
EndGlobal
