
Microsoft Visual Studio Solution File, Format Version 12.00
# Visual Studio Version 16
VisualStudioVersion = 16.0.30611.23
MinimumVisualStudioVersion = 10.0.40219.1
Project("{FAE04EC0-301F-11D3-BF4B-00C04F79EFBC}") = "WpfAppWithModules", "WpfAppWithModules\WpfAppWithModules.csproj", "{9D36DCFC-258E-4649-9DB2-B4B2BA37725E}"
EndProject
Global
	GlobalSection(SolutionConfigurationPlatforms) = preSolution
		Debug|Any CPU = Debug|Any CPU
		Release|Any CPU = Release|Any CPU
	EndGlobalSection
	GlobalSection(ProjectConfigurationPlatforms) = postSolution
		{9D36DCFC-258E-4649-9DB2-B4B2BA37725E}.Debug|Any CPU.ActiveCfg = Debug|Any CPU
		{9D36DCFC-258E-4649-9DB2-B4B2BA37725E}.Debug|Any CPU.Build.0 = Debug|Any CPU
		{9D36DCFC-258E-4649-9DB2-B4B2BA37725E}.Release|Any CPU.ActiveCfg = Release|Any CPU
		{9D36DCFC-258E-4649-9DB2-B4B2BA37725E}.Release|Any CPU.Build.0 = Release|Any CPU
	EndGlobalSection
	GlobalSection(SolutionProperties) = preSolution
		HideSolutionNode = FALSE
	EndGlobalSection
	GlobalSection(ExtensibilityGlobals) = postSolution
		SolutionGuid = {521AA9BC-0485-48B1-8358-999EB90EC77E}
	EndGlobalSection
EndGlobal
